
Microsoft Visual Studio Solution File, Format Version 12.00
# Visual Studio Version 17
VisualStudioVersion = 17.6.33829.357
MinimumVisualStudioVersion = 10.0.40219.1
Project("{FAE04EC0-301F-11D3-BF4B-00C04F79EFBC}") = "Uqs.Arithmetic", "Uqs.Arithmetic\Uqs.Arithmetic.csproj", "{00FAD38C-B7D7-4619-A646-6031F2B2C5E2}"
EndProject
Project("{FAE04EC0-301F-11D3-BF4B-00C04F79EFBC}") = "Uqs.Arithmetic.Tests.Unit", "Uqs.Arithmetic.Tests.Unit\Uqs.Arithmetic.Tests.Unit.csproj", "{28D81EF0-1926-44CC-8BD5-6E0AF116490C}"
EndProject
Global
	GlobalSection(SolutionConfigurationPlatforms) = preSolution
		Debug|Any CPU = Debug|Any CPU
		Release|Any CPU = Release|Any CPU
	EndGlobalSection
	GlobalSection(ProjectConfigurationPlatforms) = postSolution
		{00FAD38C-B7D7-4619-A646-6031F2B2C5E2}.Debug|Any CPU.ActiveCfg = Debug|Any CPU
		{00FAD38C-B7D7-4619-A646-6031F2B2C5E2}.Debug|Any CPU.Build.0 = Debug|Any CPU
		{00FAD38C-B7D7-4619-A646-6031F2B2C5E2}.Release|Any CPU.ActiveCfg = Release|Any CPU
		{00FAD38C-B7D7-4619-A646-6031F2B2C5E2}.Release|Any CPU.Build.0 = Release|Any CPU
		{28D81EF0-1926-44CC-8BD5-6E0AF116490C}.Debug|Any CPU.ActiveCfg = Debug|Any CPU
		{28D81EF0-1926-44CC-8BD5-6E0AF116490C}.Debug|Any CPU.Build.0 = Debug|Any CPU
		{28D81EF0-1926-44CC-8BD5-6E0AF116490C}.Release|Any CPU.ActiveCfg = Release|Any CPU
		{28D81EF0-1926-44CC-8BD5-6E0AF116490C}.Release|Any CPU.Build.0 = Release|Any CPU
	EndGlobalSection
	GlobalSection(SolutionProperties) = preSolution
		HideSolutionNode = FALSE
	EndGlobalSection
	GlobalSection(ExtensibilityGlobals) = postSolution
		SolutionGuid = {7F8AA44C-0076-4207-8050-2BE2A27CE361}
	EndGlobalSection
EndGlobal
